// !$*UTF8*$!
{
	archiveVersion = 1;
	classes = {
	};
	objectVersion = 50;
	objects = {

/* Begin PBXBuildFile section */
		5CE97CE723317662008CF451 /* VideoView.xib in Resources */ = {isa = PBXBuildFile; fileRef = 5CE97CE623317662008CF451 /* VideoView.xib */; };
		5CE97CE92331786F008CF451 /* VideoView.swift in Sources */ = {isa = PBXBuildFile; fileRef = 5CE97CE82331786F008CF451 /* VideoView.swift */; };
		5CE97CEB2331793D008CF451 /* Video.swift in Sources */ = {isa = PBXBuildFile; fileRef = 5CE97CEA2331793D008CF451 /* Video.swift */; };
		9C04F3D1233045CA005FBE8E /* AppDelegate.swift in Sources */ = {isa = PBXBuildFile; fileRef = 9C04F3D0233045CA005FBE8E /* AppDelegate.swift */; };
		9C04F3D3233045CA005FBE8E /* SceneDelegate.swift in Sources */ = {isa = PBXBuildFile; fileRef = 9C04F3D2233045CA005FBE8E /* SceneDelegate.swift */; };
		9C04F3D5233045CA005FBE8E /* ViewController.swift in Sources */ = {isa = PBXBuildFile; fileRef = 9C04F3D4233045CA005FBE8E /* ViewController.swift */; };
		9C04F3D8233045CA005FBE8E /* Main.storyboard in Resources */ = {isa = PBXBuildFile; fileRef = 9C04F3D6233045CA005FBE8E /* Main.storyboard */; };
		9C04F3DA233045CC005FBE8E /* Assets.xcassets in Resources */ = {isa = PBXBuildFile; fileRef = 9C04F3D9233045CC005FBE8E /* Assets.xcassets */; };
		9C04F3DD233045CC005FBE8E /* LaunchScreen.storyboard in Resources */ = {isa = PBXBuildFile; fileRef = 9C04F3DB233045CC005FBE8E /* LaunchScreen.storyboard */; };
		9C04F3E8233045CC005FBE8E /* VideoStreamingTests.swift in Sources */ = {isa = PBXBuildFile; fileRef = 9C04F3E7233045CC005FBE8E /* VideoStreamingTests.swift */; };
/* End PBXBuildFile section */

/* Begin PBXContainerItemProxy section */
		9C04F3E4233045CC005FBE8E /* PBXContainerItemProxy */ = {
			isa = PBXContainerItemProxy;
			containerPortal = 9C04F3C5233045CA005FBE8E /* Project object */;
			proxyType = 1;
			remoteGlobalIDString = 9C04F3CC233045CA005FBE8E;
			remoteInfo = VideoStreaming;
		};
/* End PBXContainerItemProxy section */

/* Begin PBXFileReference section */
		5CE97CE623317662008CF451 /* VideoView.xib */ = {isa = PBXFileReference; lastKnownFileType = file.xib; path = VideoView.xib; sourceTree = "<group>"; };
		5CE97CE82331786F008CF451 /* VideoView.swift */ = {isa = PBXFileReference; lastKnownFileType = sourcecode.swift; path = VideoView.swift; sourceTree = "<group>"; };
		5CE97CEA2331793D008CF451 /* Video.swift */ = {isa = PBXFileReference; lastKnownFileType = sourcecode.swift; path = Video.swift; sourceTree = "<group>"; };
		9C04F3CD233045CA005FBE8E /* VideoStreaming.app */ = {isa = PBXFileReference; explicitFileType = wrapper.application; includeInIndex = 0; path = VideoStreaming.app; sourceTree = BUILT_PRODUCTS_DIR; };
		9C04F3D0233045CA005FBE8E /* AppDelegate.swift */ = {isa = PBXFileReference; lastKnownFileType = sourcecode.swift; path = AppDelegate.swift; sourceTree = "<group>"; };
		9C04F3D2233045CA005FBE8E /* SceneDelegate.swift */ = {isa = PBXFileReference; lastKnownFileType = sourcecode.swift; path = SceneDelegate.swift; sourceTree = "<group>"; };
		9C04F3D4233045CA005FBE8E /* ViewController.swift */ = {isa = PBXFileReference; lastKnownFileType = sourcecode.swift; path = ViewController.swift; sourceTree = "<group>"; };
		9C04F3D7233045CA005FBE8E /* Base */ = {isa = PBXFileReference; lastKnownFileType = file.storyboard; name = Base; path = Base.lproj/Main.storyboard; sourceTree = "<group>"; };
		9C04F3D9233045CC005FBE8E /* Assets.xcassets */ = {isa = PBXFileReference; lastKnownFileType = folder.assetcatalog; path = Assets.xcassets; sourceTree = "<group>"; };
		9C04F3DC233045CC005FBE8E /* Base */ = {isa = PBXFileReference; lastKnownFileType = file.storyboard; name = Base; path = Base.lproj/LaunchScreen.storyboard; sourceTree = "<group>"; };
		9C04F3DE233045CC005FBE8E /* Info.plist */ = {isa = PBXFileReference; lastKnownFileType = text.plist.xml; path = Info.plist; sourceTree = "<group>"; };
		9C04F3E3233045CC005FBE8E /* VideoStreamingTests.xctest */ = {isa = PBXFileReference; explicitFileType = wrapper.cfbundle; includeInIndex = 0; path = VideoStreamingTests.xctest; sourceTree = BUILT_PRODUCTS_DIR; };
		9C04F3E7233045CC005FBE8E /* VideoStreamingTests.swift */ = {isa = PBXFileReference; lastKnownFileType = sourcecode.swift; path = VideoStreamingTests.swift; sourceTree = "<group>"; };
		9C04F3E9233045CC005FBE8E /* Info.plist */ = {isa = PBXFileReference; lastKnownFileType = text.plist.xml; path = Info.plist; sourceTree = "<group>"; };
/* End PBXFileReference section */

/* Begin PBXFrameworksBuildPhase section */
		9C04F3CA233045CA005FBE8E /* Frameworks */ = {
			isa = PBXFrameworksBuildPhase;
			buildActionMask = 2147483647;
			files = (
			);
			runOnlyForDeploymentPostprocessing = 0;
		};
		9C04F3E0233045CC005FBE8E /* Frameworks */ = {
			isa = PBXFrameworksBuildPhase;
			buildActionMask = 2147483647;
			files = (
			);
			runOnlyForDeploymentPostprocessing = 0;
		};
/* End PBXFrameworksBuildPhase section */

/* Begin PBXGroup section */
		9C04F3C4233045CA005FBE8E = {
			isa = PBXGroup;
			children = (
				9C04F3CF233045CA005FBE8E /* VideoStreaming */,
				9C04F3E6233045CC005FBE8E /* VideoStreamingTests */,
				9C04F3CE233045CA005FBE8E /* Products */,
			);
			sourceTree = "<group>";
		};
		9C04F3CE233045CA005FBE8E /* Products */ = {
			isa = PBXGroup;
			children = (
				9C04F3CD233045CA005FBE8E /* VideoStreaming.app */,
				9C04F3E3233045CC005FBE8E /* VideoStreamingTests.xctest */,
			);
			name = Products;
			sourceTree = "<group>";
		};
		9C04F3CF233045CA005FBE8E /* VideoStreaming */ = {
			isa = PBXGroup;
			children = (
				9C04F3D0233045CA005FBE8E /* AppDelegate.swift */,
				9C04F3D2233045CA005FBE8E /* SceneDelegate.swift */,
				9C04F3D4233045CA005FBE8E /* ViewController.swift */,
				9C04F3D6233045CA005FBE8E /* Main.storyboard */,
				9C04F3D9233045CC005FBE8E /* Assets.xcassets */,
				9C04F3DB233045CC005FBE8E /* LaunchScreen.storyboard */,
				9C04F3DE233045CC005FBE8E /* Info.plist */,
				5CE97CE623317662008CF451 /* VideoView.xib */,
				5CE97CE82331786F008CF451 /* VideoView.swift */,
				5CE97CEA2331793D008CF451 /* Video.swift */,
			);
			path = VideoStreaming;
			sourceTree = "<group>";
		};
		9C04F3E6233045CC005FBE8E /* VideoStreamingTests */ = {
			isa = PBXGroup;
			children = (
				9C04F3E7233045CC005FBE8E /* VideoStreamingTests.swift */,
				9C04F3E9233045CC005FBE8E /* Info.plist */,
			);
			path = VideoStreamingTests;
			sourceTree = "<group>";
		};
/* End PBXGroup section */

/* Begin PBXNativeTarget section */
		9C04F3CC233045CA005FBE8E /* VideoStreaming */ = {
			isa = PBXNativeTarget;
			buildConfigurationList = 9C04F3EC233045CC005FBE8E /* Build configuration list for PBXNativeTarget "VideoStreaming" */;
			buildPhases = (
				9C04F3C9233045CA005FBE8E /* Sources */,
				9C04F3CA233045CA005FBE8E /* Frameworks */,
				9C04F3CB233045CA005FBE8E /* Resources */,
			);
			buildRules = (
			);
			dependencies = (
			);
			name = VideoStreaming;
			productName = VideoStreaming;
			productReference = 9C04F3CD233045CA005FBE8E /* VideoStreaming.app */;
			productType = "com.apple.product-type.application";
		};
		9C04F3E2233045CC005FBE8E /* VideoStreamingTests */ = {
			isa = PBXNativeTarget;
			buildConfigurationList = 9C04F3EF233045CC005FBE8E /* Build configuration list for PBXNativeTarget "VideoStreamingTests" */;
			buildPhases = (
				9C04F3DF233045CC005FBE8E /* Sources */,
				9C04F3E0233045CC005FBE8E /* Frameworks */,
				9C04F3E1233045CC005FBE8E /* Resources */,
			);
			buildRules = (
			);
			dependencies = (
				9C04F3E5233045CC005FBE8E /* PBXTargetDependency */,
			);
			name = VideoStreamingTests;
			productName = VideoStreamingTests;
			productReference = 9C04F3E3233045CC005FBE8E /* VideoStreamingTests.xctest */;
			productType = "com.apple.product-type.bundle.unit-test";
		};
/* End PBXNativeTarget section */

/* Begin PBXProject section */
		9C04F3C5233045CA005FBE8E /* Project object */ = {
			isa = PBXProject;
			attributes = {
				LastSwiftUpdateCheck = 1100;
				LastUpgradeCheck = 1100;
				ORGANIZATIONNAME = ESPN;
				TargetAttributes = {
					9C04F3CC233045CA005FBE8E = {
						CreatedOnToolsVersion = 11.0;
					};
					9C04F3E2233045CC005FBE8E = {
						CreatedOnToolsVersion = 11.0;
						TestTargetID = 9C04F3CC233045CA005FBE8E;
					};
				};
			};
			buildConfigurationList = 9C04F3C8233045CA005FBE8E /* Build configuration list for PBXProject "VideoStreaming" */;
			compatibilityVersion = "Xcode 9.3";
			developmentRegion = en;
			hasScannedForEncodings = 0;
			knownRegions = (
				en,
				Base,
			);
			mainGroup = 9C04F3C4233045CA005FBE8E;
			productRefGroup = 9C04F3CE233045CA005FBE8E /* Products */;
			projectDirPath = "";
			projectRoot = "";
			targets = (
				9C04F3CC233045CA005FBE8E /* VideoStreaming */,
				9C04F3E2233045CC005FBE8E /* VideoStreamingTests */,
			);
		};
/* End PBXProject section */

/* Begin PBXResourcesBuildPhase section */
		9C04F3CB233045CA005FBE8E /* Resources */ = {
			isa = PBXResourcesBuildPhase;
			buildActionMask = 2147483647;
			files = (
				5CE97CE723317662008CF451 /* VideoView.xib in Resources */,
				9C04F3DD233045CC005FBE8E /* LaunchScreen.storyboard in Resources */,
				9C04F3DA233045CC005FBE8E /* Assets.xcassets in Resources */,
				9C04F3D8233045CA005FBE8E /* Main.storyboard in Resources */,
			);
			runOnlyForDeploymentPostprocessing = 0;
		};
		9C04F3E1233045CC005FBE8E /* Resources */ = {
			isa = PBXResourcesBuildPhase;
			buildActionMask = 2147483647;
			files = (
			);
			runOnlyForDeploymentPostprocessing = 0;
		};
/* End PBXResourcesBuildPhase section */

/* Begin PBXSourcesBuildPhase section */
		9C04F3C9233045CA005FBE8E /* Sources */ = {
			isa = PBXSourcesBuildPhase;
			buildActionMask = 2147483647;
			files = (
				5CE97CE92331786F008CF451 /* VideoView.swift in Sources */,
				9C04F3D5233045CA005FBE8E /* ViewController.swift in Sources */,
				9C04F3D1233045CA005FBE8E /* AppDelegate.swift in Sources */,
				5CE97CEB2331793D008CF451 /* Video.swift in Sources */,
				9C04F3D3233045CA005FBE8E /* SceneDelegate.swift in Sources */,
			);
			runOnlyForDeploymentPostprocessing = 0;
		};
		9C04F3DF233045CC005FBE8E /* Sources */ = {
			isa = PBXSourcesBuildPhase;
			buildActionMask = 2147483647;
			files = (
				9C04F3E8233045CC005FBE8E /* VideoStreamingTests.swift in Sources */,
			);
			runOnlyForDeploymentPostprocessing = 0;
		};
/* End PBXSourcesBuildPhase section */

/* Begin PBXTargetDependency section */
		9C04F3E5233045CC005FBE8E /* PBXTargetDependency */ = {
			isa = PBXTargetDependency;
			target = 9C04F3CC233045CA005FBE8E /* VideoStreaming */;
			targetProxy = 9C04F3E4233045CC005FBE8E /* PBXContainerItemProxy */;
		};
/* End PBXTargetDependency section */

/* Begin PBXVariantGroup section */
		9C04F3D6233045CA005FBE8E /* Main.storyboard */ = {
			isa = PBXVariantGroup;
			children = (
				9C04F3D7233045CA005FBE8E /* Base */,
			);
			name = Main.storyboard;
			sourceTree = "<group>";
		};
		9C04F3DB233045CC005FBE8E /* LaunchScreen.storyboard */ = {
			isa = PBXVariantGroup;
			children = (
				9C04F3DC233045CC005FBE8E /* Base */,
			);
			name = LaunchScreen.storyboard;
			sourceTree = "<group>";
		};
/* End PBXVariantGroup section */

/* Begin XCBuildConfiguration section */
		9C04F3EA233045CC005FBE8E /* Debug */ = {
			isa = XCBuildConfiguration;
			buildSettings = {
				ALWAYS_SEARCH_USER_PATHS = NO;
				CLANG_ANALYZER_NONNULL = YES;
				CLANG_ANALYZER_NUMBER_OBJECT_CONVERSION = YES_AGGRESSIVE;
				CLANG_CXX_LANGUAGE_STANDARD = "gnu++14";
				CLANG_CXX_LIBRARY = "libc++";
				CLANG_ENABLE_MODULES = YES;
				CLANG_ENABLE_OBJC_ARC = YES;
				CLANG_ENABLE_OBJC_WEAK = YES;
				CLANG_WARN_BLOCK_CAPTURE_AUTORELEASING = YES;
				CLANG_WARN_BOOL_CONVERSION = YES;
				CLANG_WARN_COMMA = YES;
				CLANG_WARN_CONSTANT_CONVERSION = YES;
				CLANG_WARN_DEPRECATED_OBJC_IMPLEMENTATIONS = YES;
				CLANG_WARN_DIRECT_OBJC_ISA_USAGE = YES_ERROR;
				CLANG_WARN_DOCUMENTATION_COMMENTS = YES;
				CLANG_WARN_EMPTY_BODY = YES;
				CLANG_WARN_ENUM_CONVERSION = YES;
				CLANG_WARN_INFINITE_RECURSION = YES;
				CLANG_WARN_INT_CONVERSION = YES;
				CLANG_WARN_NON_LITERAL_NULL_CONVERSION = YES;
				CLANG_WARN_OBJC_IMPLICIT_RETAIN_SELF = YES;
				CLANG_WARN_OBJC_LITERAL_CONVERSION = YES;
				CLANG_WARN_OBJC_ROOT_CLASS = YES_ERROR;
				CLANG_WARN_RANGE_LOOP_ANALYSIS = YES;
				CLANG_WARN_STRICT_PROTOTYPES = YES;
				CLANG_WARN_SUSPICIOUS_MOVE = YES;
				CLANG_WARN_UNGUARDED_AVAILABILITY = YES_AGGRESSIVE;
				CLANG_WARN_UNREACHABLE_CODE = YES;
				CLANG_WARN__DUPLICATE_METHOD_MATCH = YES;
				COPY_PHASE_STRIP = NO;
				DEBUG_INFORMATION_FORMAT = dwarf;
				ENABLE_STRICT_OBJC_MSGSEND = YES;
				ENABLE_TESTABILITY = YES;
				GCC_C_LANGUAGE_STANDARD = gnu11;
				GCC_DYNAMIC_NO_PIC = NO;
				GCC_NO_COMMON_BLOCKS = YES;
				GCC_OPTIMIZATION_LEVEL = 0;
				GCC_PREPROCESSOR_DEFINITIONS = (
					"DEBUG=1",
					"$(inherited)",
				);
				GCC_WARN_64_TO_32_BIT_CONVERSION = YES;
				GCC_WARN_ABOUT_RETURN_TYPE = YES_ERROR;
				GCC_WARN_UNDECLARED_SELECTOR = YES;
				GCC_WARN_UNINITIALIZED_AUTOS = YES_AGGRESSIVE;
				GCC_WARN_UNUSED_FUNCTION = YES;
				GCC_WARN_UNUSED_VARIABLE = YES;
				IPHONEOS_DEPLOYMENT_TARGET = 13.0;
				MTL_ENABLE_DEBUG_INFO = INCLUDE_SOURCE;
				MTL_FAST_MATH = YES;
				ONLY_ACTIVE_ARCH = YES;
				SDKROOT = iphoneos;
				SWIFT_ACTIVE_COMPILATION_CONDITIONS = DEBUG;
				SWIFT_OPTIMIZATION_LEVEL = "-Onone";
			};
			name = Debug;
		};
		9C04F3EB233045CC005FBE8E /* Release */ = {
			isa = XCBuildConfiguration;
			buildSettings = {
				ALWAYS_SEARCH_USER_PATHS = NO;
				CLANG_ANALYZER_NONNULL = YES;
				CLANG_ANALYZER_NUMBER_OBJECT_CONVERSION = YES_AGGRESSIVE;
				CLANG_CXX_LANGUAGE_STANDARD = "gnu++14";
				CLANG_CXX_LIBRARY = "libc++";
				CLANG_ENABLE_MODULES = YES;
				CLANG_ENABLE_OBJC_ARC = YES;
				CLANG_ENABLE_OBJC_WEAK = YES;
				CLANG_WARN_BLOCK_CAPTURE_AUTORELEASING = YES;
				CLANG_WARN_BOOL_CONVERSION = YES;
				CLANG_WARN_COMMA = YES;
				CLANG_WARN_CONSTANT_CONVERSION = YES;
				CLANG_WARN_DEPRECATED_OBJC_IMPLEMENTATIONS = YES;
				CLANG_WARN_DIRECT_OBJC_ISA_USAGE = YES_ERROR;
				CLANG_WARN_DOCUMENTATION_COMMENTS = YES;
				CLANG_WARN_EMPTY_BODY = YES;
				CLANG_WARN_ENUM_CONVERSION = YES;
				CLANG_WARN_INFINITE_RECURSION = YES;
				CLANG_WARN_INT_CONVERSION = YES;
				CLANG_WARN_NON_LITERAL_NULL_CONVERSION = YES;
				CLANG_WARN_OBJC_IMPLICIT_RETAIN_SELF = YES;
				CLANG_WARN_OBJC_LITERAL_CONVERSION = YES;
				CLANG_WARN_OBJC_ROOT_CLASS = YES_ERROR;
				CLANG_WARN_RANGE_LOOP_ANALYSIS = YES;
				CLANG_WARN_STRICT_PROTOTYPES = YES;
				CLANG_WARN_SUSPICIOUS_MOVE = YES;
				CLANG_WARN_UNGUARDED_AVAILABILITY = YES_AGGRESSIVE;
				CLANG_WARN_UNREACHABLE_CODE = YES;
				CLANG_WARN__DUPLICATE_METHOD_MATCH = YES;
				COPY_PHASE_STRIP = NO;
				DEBUG_INFORMATION_FORMAT = "dwarf-with-dsym";
				ENABLE_NS_ASSERTIONS = NO;
				ENABLE_STRICT_OBJC_MSGSEND = YES;
				GCC_C_LANGUAGE_STANDARD = gnu11;
				GCC_NO_COMMON_BLOCKS = YES;
				GCC_WARN_64_TO_32_BIT_CONVERSION = YES;
				GCC_WARN_ABOUT_RETURN_TYPE = YES_ERROR;
				GCC_WARN_UNDECLARED_SELECTOR = YES;
				GCC_WARN_UNINITIALIZED_AUTOS = YES_AGGRESSIVE;
				GCC_WARN_UNUSED_FUNCTION = YES;
				GCC_WARN_UNUSED_VARIABLE = YES;
				IPHONEOS_DEPLOYMENT_TARGET = 13.0;
				MTL_ENABLE_DEBUG_INFO = NO;
				MTL_FAST_MATH = YES;
				SDKROOT = iphoneos;
				SWIFT_COMPILATION_MODE = wholemodule;
				SWIFT_OPTIMIZATION_LEVEL = "-O";
				VALIDATE_PRODUCT = YES;
			};
			name = Release;
		};
		9C04F3ED233045CC005FBE8E /* Debug */ = {
			isa = XCBuildConfiguration;
			buildSettings = {
				ASSETCATALOG_COMPILER_APPICON_NAME = AppIcon;
				CODE_SIGN_STYLE = Automatic;
				DEVELOPMENT_TEAM = 4QBG52MSRJ;
				INFOPLIST_FILE = VideoStreaming/Info.plist;
				LD_RUNPATH_SEARCH_PATHS = (
					"$(inherited)",
					"@executable_path/Frameworks",
				);
				PRODUCT_BUNDLE_IDENTIFIER = com.espn.VideoStreaming;
				PRODUCT_NAME = "$(TARGET_NAME)";
				SWIFT_VERSION = 5.0;
				TARGETED_DEVICE_FAMILY = "1,2";
			};
			name = Debug;
		};
		9C04F3EE233045CC005FBE8E /* Release */ = {
			isa = XCBuildConfiguration;
			buildSettings = {
				ASSETCATALOG_COMPILER_APPICON_NAME = AppIcon;
				CODE_SIGN_STYLE = Automatic;
				DEVELOPMENT_TEAM = 4QBG52MSRJ;
				INFOPLIST_FILE = VideoStreaming/Info.plist;
				LD_RUNPATH_SEARCH_PATHS = (
					"$(inherited)",
					"@executable_path/Frameworks",
				);
				PRODUCT_BUNDLE_IDENTIFIER = com.espn.VideoStreaming;
				PRODUCT_NAME = "$(TARGET_NAME)";
				SWIFT_VERSION = 5.0;
				TARGETED_DEVICE_FAMILY = "1,2";
			};
			name = Release;
		};
		9C04F3F0233045CC005FBE8E /* Debug */ = {
			isa = XCBuildConfiguration;
			buildSettings = {
				ALWAYS_EMBED_SWIFT_STANDARD_LIBRARIES = YES;
				BUNDLE_LOADER = "$(TEST_HOST)";
				CODE_SIGN_STYLE = Automatic;
				DEVELOPMENT_TEAM = 4QBG52MSRJ;
				INFOPLIST_FILE = VideoStreamingTests/Info.plist;
				IPHONEOS_DEPLOYMENT_TARGET = 13.0;
				LD_RUNPATH_SEARCH_PATHS = (
					"$(inherited)",
					"@executable_path/Frameworks",
					"@loader_path/Frameworks",
				);
				PRODUCT_BUNDLE_IDENTIFIER = com.espn.VideoStreamingTests;
				PRODUCT_NAME = "$(TARGET_NAME)";
				SWIFT_VERSION = 5.0;
				TARGETED_DEVICE_FAMILY = "1,2";
				TEST_HOST = "$(BUILT_PRODUCTS_DIR)/VideoStreaming.app/VideoStreaming";
			};
			name = Debug;
		};
		9C04F3F1233045CC005FBE8E /* Release */ = {
			isa = XCBuildConfiguration;
			buildSettings = {
				ALWAYS_EMBED_SWIFT_STANDARD_LIBRARIES = YES;
				BUNDLE_LOADER = "$(TEST_HOST)";
				CODE_SIGN_STYLE = Automatic;
				DEVELOPMENT_TEAM = 4QBG52MSRJ;
				INFOPLIST_FILE = VideoStreamingTests/Info.plist;
				IPHONEOS_DEPLOYMENT_TARGET = 13.0;
				LD_RUNPATH_SEARCH_PATHS = (
					"$(inherited)",
					"@executable_path/Frameworks",
					"@loader_path/Frameworks",
				);
				PRODUCT_BUNDLE_IDENTIFIER = com.espn.VideoStreamingTests;
				PRODUCT_NAME = "$(TARGET_NAME)";
				SWIFT_VERSION = 5.0;
				TARGETED_DEVICE_FAMILY = "1,2";
				TEST_HOST = "$(BUILT_PRODUCTS_DIR)/VideoStreaming.app/VideoStreaming";
			};
			name = Release;
		};
/* End XCBuildConfiguration section */

/* Begin XCConfigurationList section */
		9C04F3C8233045CA005FBE8E /* Build configuration list for PBXProject "VideoStreaming" */ = {
			isa = XCConfigurationList;
			buildConfigurations = (
				9C04F3EA233045CC005FBE8E /* Debug */,
				9C04F3EB233045CC005FBE8E /* Release */,
			);
			defaultConfigurationIsVisible = 0;
			defaultConfigurationName = Release;
		};
		9C04F3EC233045CC005FBE8E /* Build configuration list for PBXNativeTarget "VideoStreaming" */ = {
			isa = XCConfigurationList;
			buildConfigurations = (
				9C04F3ED233045CC005FBE8E /* Debug */,
				9C04F3EE233045CC005FBE8E /* Release */,
			);
			defaultConfigurationIsVisible = 0;
			defaultConfigurationName = Release;
		};
		9C04F3EF233045CC005FBE8E /* Build configuration list for PBXNativeTarget "VideoStreamingTests" */ = {
			isa = XCConfigurationList;
			buildConfigurations = (
				9C04F3F0233045CC005FBE8E /* Debug */,
				9C04F3F1233045CC005FBE8E /* Release */,
			);
			defaultConfigurationIsVisible = 0;
			defaultConfigurationName = Release;
		};
/* End XCConfigurationList section */
	};
	rootObject = 9C04F3C5233045CA005FBE8E /* Project object */;
}
